
Microsoft Visual Studio Solution File, Format Version 12.00
# Visual Studio Version 17
VisualStudioVersion = 17.4.33103.184
MinimumVisualStudioVersion = 10.0.40219.1
Project("{FAE04EC0-301F-11D3-BF4B-00C04F79EFBC}") = "Eksamen Procjekt - Chris", "Eksamen Procjekt - Chris\Eksamen Procjekt - Chris.csproj", "{3E2E6E65-FB0E-454E-9A54-BA25CB46CFBA}"
EndProject
Global
	GlobalSection(SolutionConfigurationPlatforms) = preSolution
		Debug|Any CPU = Debug|Any CPU
		Release|Any CPU = Release|Any CPU
	EndGlobalSection
	GlobalSection(ProjectConfigurationPlatforms) = postSolution
		{3E2E6E65-FB0E-454E-9A54-BA25CB46CFBA}.Debug|Any CPU.ActiveCfg = Debug|Any CPU
		{3E2E6E65-FB0E-454E-9A54-BA25CB46CFBA}.Debug|Any CPU.Build.0 = Debug|Any CPU
		{3E2E6E65-FB0E-454E-9A54-BA25CB46CFBA}.Release|Any CPU.ActiveCfg = Release|Any CPU
		{3E2E6E65-FB0E-454E-9A54-BA25CB46CFBA}.Release|Any CPU.Build.0 = Release|Any CPU
	EndGlobalSection
	GlobalSection(SolutionProperties) = preSolution
		HideSolutionNode = FALSE
	EndGlobalSection
	GlobalSection(ExtensibilityGlobals) = postSolution
		SolutionGuid = {CF537B82-EE8A-40C4-812E-4A91D3B1DB01}
	EndGlobalSection
EndGlobal
